<?xml version="1.0" encoding="utf-8"?>
<Project ToolsVersion="4.0" xmlns="http://schemas.microsoft.com/developer/msbuild/2003">
  <ItemGroup>
    <Filter Include="Source Files">
      <UniqueIdentifier>{4FC737F1-C7A5-4376-A066-2A32D752A2FF}</UniqueIdentifier>
      <Extensions>cpp;c;cc;cxx;c++;cppm;ixx;def;odl;idl;hpj;bat;asm;asmx</Extensions>
    </Filter>
    <Filter Include="Header Files">
      <UniqueIdentifier>{93995380-89BD-4b04-88EB-625FBE52EBFB}</UniqueIdentifier>
      <Extensions>h;hh;hpp;hxx;h++;hm;inl;inc;ipp;xsd</Extensions>
    </Filter>
    <Filter Include="Resource Files">
      <UniqueIdentifier>{67DA6AB6-F800-4c08-8B7A-83BB121AAD01}</UniqueIdentifier>
      <Extensions>rc;ico;cur;bmp;dlg;rc2;rct;bin;rgs;gif;jpg;jpeg;jpe;resx;tiff;tif;png;wav;mfcribbon-ms</Extensions>
    </Filter>
  </ItemGroup>
  <ItemGroup>
    <ClCompile Include="src\main.cpp">
      <Filter>Source Files</Filter>
    </ClCompile>
    <ClCompile Include="src\gui\gui.cpp">
      <Filter>Source Files</Filter>
    </ClCompile>
    <ClCompile Include="src\gui\guiconfig.cpp">
      <Filter>Source Files</Filter>
    </ClCompile>
    <ClCompile Include="src\gui\guiexamples.cpp">
      <Filter>Source Files</Filter>
    </ClCompile>
    <ClCompile Include="src\gui\guilayoutpopups.cpp">
      <Filter>Source Files</Filter>
    </ClCompile>
    <ClCompile Include="src\gui\guistyle.cpp">
      <Filter>Source Files</Filter>
    </ClCompile>
    <ClCompile Include="src\gui\guitables.cpp">
      <Filter>Source Files</Filter>
    </ClCompile>
    <ClCompile Include="src\gui\guitools.cpp">
      <Filter>Source Files</Filter>
    </ClCompile>
    <ClCompile Include="src\gui\guiwidgets.cpp">
      <Filter>Source Files</Filter>
    </ClCompile>
    <ClCompile Include="..\..\vendor\imgui\imgui.cpp">
      <Filter>Source Files</Filter>
    </ClCompile>
    <ClCompile Include="..\..\vendor\imgui\imgui_demo.cpp">
      <Filter>Source Files</Filter>
    </ClCompile>
    <ClCompile Include="..\..\vendor\imgui\imgui_draw.cpp">
      <Filter>Source Files</Filter>
    </ClCompile>
    <ClCompile Include="..\..\vendor\imgui\imgui_tables.cpp">
      <Filter>Source Files</Filter>
    </ClCompile>
    <ClCompile Include="..\..\vendor\imgui\imgui_widgets.cpp">
      <Filter>Source Files</Filter>
    </ClCompile>
    <ClCompile Include="..\..\vendor\imgui\backends\imgui_impl_glfw.cpp">
      <Filter>Source Files</Filter>
    </ClCompile>
    <ClCompile Include="..\..\vendor\imgui\backends\imgui_impl_opengl3.cpp">
      <Filter>Source Files</Filter>
    </ClCompile>
    <ClCompile Include="src\quant\currencies\currencies.cpp">
      <Filter>Source Files</Filter>
    </ClCompile>
    <ClCompile Include="src\connector\database.cpp">
      <Filter>Source Files</Filter>
    </ClCompile>
    <ClCompile Include="src\connector\error.cpp">
      <Filter>Source Files</Filter>
    </ClCompile>
    <ClCompile Include="src\connector\sqlite.cpp">
      <Filter>Source Files</Filter>
    </ClCompile>
    <ClCompile Include="src\connector\stmt.cpp">
      <Filter>Source Files</Filter>
    </ClCompile>
    <ClCompile Include="src\quant\tables\tables.cpp">
      <Filter>Source Files</Filter>
    </ClCompile>
    <ClCompile Include="src\quant\math\rounding\rounding.cpp">
      <Filter>Source Files</Filter>
    </ClCompile>
    <ClCompile Include="..\..\vendor\imgui\addons\imguidatechooser\imguidatechooser.cpp">
      <Filter>Source Files</Filter>
    </ClCompile>
    <ClCompile Include="src\gui\guiaddons.cpp">
      <Filter>Source Files</Filter>
    </ClCompile>
    <ClCompile Include="src\quant\config\config.cpp">
      <Filter>Source Files</Filter>
    </ClCompile>
    <ClCompile Include="src\quant\time\calendars.cpp">
      <Filter>Source Files</Filter>
    </ClCompile>
  </ItemGroup>
  <ItemGroup>
    <ClInclude Include="..\..\vendor\imgui\imconfig.h">
      <Filter>Header Files</Filter>
    </ClInclude>
    <ClInclude Include="..\..\vendor\imgui\imgui.h">
      <Filter>Header Files</Filter>
    </ClInclude>
    <ClInclude Include="..\..\vendor\imgui\imgui_internal.h">
      <Filter>Header Files</Filter>
    </ClInclude>
    <ClInclude Include="..\..\vendor\imgui\backends\imgui_impl_glfw.h">
      <Filter>Header Files</Filter>
    </ClInclude>
    <ClInclude Include="..\..\vendor\imgui\backends\imgui_impl_opengl3.h">
      <Filter>Header Files</Filter>
    </ClInclude>
    <ClInclude Include="..\..\vendor\imgui\backends\imgui_impl_opengl3_loader.h">
      <Filter>Header Files</Filter>
    </ClInclude>
    <ClInclude Include="src\connector\include\database.hpp">
      <Filter>Header Files</Filter>
    </ClInclude>
    <ClInclude Include="src\connector\include\error.hpp">
      <Filter>Header Files</Filter>
    </ClInclude>
    <ClInclude Include="src\connector\include\sqlite.hpp">
      <Filter>Header Files</Filter>
    </ClInclude>
    <ClInclude Include="src\gui\include\gui.hpp">
      <Filter>Header Files</Filter>
    </ClInclude>
    <ClInclude Include="src\gui\include\guiexamples.hpp">
      <Filter>Header Files</Filter>
    </ClInclude>
    <ClInclude Include="src\gui\include\guilayoutpopups.hpp">
      <Filter>Header Files</Filter>
    </ClInclude>
    <ClInclude Include="src\gui\include\guitables.hpp">
      <Filter>Header Files</Filter>
    </ClInclude>
    <ClInclude Include="src\gui\include\guitools.hpp">
      <Filter>Header Files</Filter>
    </ClInclude>
    <ClInclude Include="src\gui\include\guiwidgets.hpp">
      <Filter>Header Files</Filter>
    </ClInclude>
    <ClInclude Include="src\quant\tables\tables.hpp">
      <Filter>Header Files</Filter>
    </ClInclude>
    <ClInclude Include="src\quant\math\rounding\rounding.hpp">
      <Filter>Header Files</Filter>
    </ClInclude>
    <ClInclude Include="..\..\vendor\imgui\addons\imguidatechooser\imguidatechooser.h">
      <Filter>Header Files</Filter>
    </ClInclude>
    <ClInclude Include="src\gui\include\guiaddons.hpp">
      <Filter>Header Files</Filter>
    </ClInclude>
    <ClInclude Include="src\quant\quant.hpp">
      <Filter>Header Files</Filter>
    </ClInclude>
  </ItemGroup>
  <ItemGroup>
    <None Include="..\..\vendor\imgui\misc\debuggers\imgui.natvis" />
  </ItemGroup>
</Project>